
Microsoft Visual Studio Solution File, Format Version 12.00
# Visual Studio Version 17
VisualStudioVersion = 17.10.34928.147
MinimumVisualStudioVersion = 10.0.40219.1
Project("{FAE04EC0-301F-11D3-BF4B-00C04F79EFBC}") = "MobileServer", "MobiileServer\MobileServer.csproj", "{99DE172E-E635-41F7-A0C2-8A27438D72E7}"
EndProject
Global
	GlobalSection(SolutionConfigurationPlatforms) = preSolution
		Debug|Any CPU = Debug|Any CPU
		Release|Any CPU = Release|Any CPU
	EndGlobalSection
	GlobalSection(ProjectConfigurationPlatforms) = postSolution
		{99DE172E-E635-41F7-A0C2-8A27438D72E7}.Debug|Any CPU.ActiveCfg = Debug|Any CPU
		{99DE172E-E635-41F7-A0C2-8A27438D72E7}.Debug|Any CPU.Build.0 = Debug|Any CPU
		{99DE172E-E635-41F7-A0C2-8A27438D72E7}.Release|Any CPU.ActiveCfg = Release|Any CPU
		{99DE172E-E635-41F7-A0C2-8A27438D72E7}.Release|Any CPU.Build.0 = Release|Any CPU
	EndGlobalSection
	GlobalSection(SolutionProperties) = preSolution
		HideSolutionNode = FALSE
	EndGlobalSection
	GlobalSection(ExtensibilityGlobals) = postSolution
		SolutionGuid = {EF112857-549D-4119-9108-8E52962E6AA7}
	EndGlobalSection
EndGlobal
